
Microsoft Visual Studio Solution File, Format Version 12.00
# Visual Studio Version 17
VisualStudioVersion = 17.7.34031.279
MinimumVisualStudioVersion = 10.0.40219.1
Project("{9A19103F-16F7-4668-BE54-9A1E7A4F7556}") = "Assign1", "Assign1\Assign1.csproj", "{A035636F-58EA-4BD0-9D72-05E160A722B6}"
EndProject
Project("{9A19103F-16F7-4668-BE54-9A1E7A4F7556}") = "Common", "Common\Common.csproj", "{526F8020-DB18-4667-AB4E-FB3D0929A1F1}"
EndProject
Project("{9A19103F-16F7-4668-BE54-9A1E7A4F7556}") = "Business", "Booking\Business.csproj", "{ECAC111C-07B2-4D09-85A4-C6325C93427B}"
EndProject
Project("{FAE04EC0-301F-11D3-BF4B-00C04F79EFBC}") = "Data", "Data\Data.csproj", "{1AD2B743-EABA-4BDE-A981-5C373BEF9C67}"
EndProject
Global
	GlobalSection(SolutionConfigurationPlatforms) = preSolution
		Debug|Any CPU = Debug|Any CPU
		Release|Any CPU = Release|Any CPU
	EndGlobalSection
	GlobalSection(ProjectConfigurationPlatforms) = postSolution
		{A035636F-58EA-4BD0-9D72-05E160A722B6}.Debug|Any CPU.ActiveCfg = Debug|Any CPU
		{A035636F-58EA-4BD0-9D72-05E160A722B6}.Debug|Any CPU.Build.0 = Debug|Any CPU
		{A035636F-58EA-4BD0-9D72-05E160A722B6}.Release|Any CPU.ActiveCfg = Release|Any CPU
		{A035636F-58EA-4BD0-9D72-05E160A722B6}.Release|Any CPU.Build.0 = Release|Any CPU
		{526F8020-DB18-4667-AB4E-FB3D0929A1F1}.Debug|Any CPU.ActiveCfg = Debug|Any CPU
		{526F8020-DB18-4667-AB4E-FB3D0929A1F1}.Debug|Any CPU.Build.0 = Debug|Any CPU
		{526F8020-DB18-4667-AB4E-FB3D0929A1F1}.Release|Any CPU.ActiveCfg = Release|Any CPU
		{526F8020-DB18-4667-AB4E-FB3D0929A1F1}.Release|Any CPU.Build.0 = Release|Any CPU
		{ECAC111C-07B2-4D09-85A4-C6325C93427B}.Debug|Any CPU.ActiveCfg = Debug|Any CPU
		{ECAC111C-07B2-4D09-85A4-C6325C93427B}.Debug|Any CPU.Build.0 = Debug|Any CPU
		{ECAC111C-07B2-4D09-85A4-C6325C93427B}.Release|Any CPU.ActiveCfg = Release|Any CPU
		{ECAC111C-07B2-4D09-85A4-C6325C93427B}.Release|Any CPU.Build.0 = Release|Any CPU
		{1AD2B743-EABA-4BDE-A981-5C373BEF9C67}.Debug|Any CPU.ActiveCfg = Debug|Any CPU
		{1AD2B743-EABA-4BDE-A981-5C373BEF9C67}.Debug|Any CPU.Build.0 = Debug|Any CPU
		{1AD2B743-EABA-4BDE-A981-5C373BEF9C67}.Release|Any CPU.ActiveCfg = Release|Any CPU
		{1AD2B743-EABA-4BDE-A981-5C373BEF9C67}.Release|Any CPU.Build.0 = Release|Any CPU
	EndGlobalSection
	GlobalSection(SolutionProperties) = preSolution
		HideSolutionNode = FALSE
	EndGlobalSection
	GlobalSection(ExtensibilityGlobals) = postSolution
		SolutionGuid = {7634791D-70D9-492F-92D1-A01D93D70FAE}
	EndGlobalSection
EndGlobal
